PODS:
  - RCVoiceRoomLib (0.1.0):
    - RongCloudIM/IMLib (~> 5.1.3)
    - RongCloudRTC/RongRTCLib (~> 5.1.3)
  - RongCloudIM/ChatRoom (5.1.4.1):
    - RongCloudIM/IMLibCore
  - RongCloudIM/CustomerService (5.1.4.1):
    - RongCloudIM/IMLibCore
  - RongCloudIM/Discussion (5.1.4.1):
    - RongCloudIM/IMLibCore
  - RongCloudIM/IMLib (5.1.4.1):
    - RongCloudIM/ChatRoom
    - RongCloudIM/CustomerService
    - RongCloudIM/Discussion
    - RongCloudIM/IMLibCore
    - RongCloudIM/Location
    - RongCloudIM/PublicService
  - RongCloudIM/IMLibCore (5.1.4.1)
  - RongCloudIM/Location (5.1.4.1):
    - RongCloudIM/IMLibCore
  - RongCloudIM/PublicService (5.1.4.1):
    - RongCloudIM/IMLibCore
  - RongCloudRTC/RongRTCLib (5.1.5):
    - RongCloudIM/IMLibCore (>= 5.1.3)

DEPENDENCIES:
  - RCVoiceRoomLib (from `../`)

SPEC REPOS:
  trunk:
    - RongCloudIM
    - RongCloudRTC

EXTERNAL SOURCES:
  RCVoiceRoomLib:
    :path: "../"

SPEC CHECKSUMS:
  RCVoiceRoomLib: 5fccbfc5e64fb931344d5a10d537340d5c8f14d7
  RongCloudIM: bf1279dae817727c3f3cc0c106123b5bf96ae3d2
  RongCloudRTC: 6e209b74d623744aad91b5d452ef9f998115927f

PODFILE CHECKSUM: 8cbcf6d5f02627966d2b487da23719063ae02c53

COCOAPODS: 1.10.2
